// !$*UTF8*$!
{
	archiveVersion = 1;
	classes = {
	};
	objectVersion = 46;
	objects = {

/* Begin PBXBuildFile section */
		842A67981DECB1130036DAB8 /* AppDelegate.swift in Sources */ = {isa = PBXBuildFile; fileRef = 842A67971DECB1130036DAB8 /* AppDelegate.swift */; };
		842A679A1DECB1130036DAB8 /* ViewController.swift in Sources */ = {isa = PBXBuildFile; fileRef = 842A67991DECB1130036DAB8 /* ViewController.swift */; };
		842A679D1DECB1130036DAB8 /* Main.storyboard in Resources */ = {isa = PBXBuildFile; fileRef = 842A679B1DECB1130036DAB8 /* Main.storyboard */; };
		842A679F1DECB1130036DAB8 /* Assets.xcassets in Resources */ = {isa = PBXBuildFile; fileRef = 842A679E1DECB1130036DAB8 /* Assets.xcassets */; };
		842A67A21DECB1130036DAB8 /* LaunchScreen.storyboard in Resources */ = {isa = PBXBuildFile; fileRef = 842A67A01DECB1130036DAB8 /* LaunchScreen.storyboard */; };
		845B17101DF4C4F6002E6426 /* LeaderboardViewController.swift in Sources */ = {isa = PBXBuildFile; fileRef = 845B170F1DF4C4F6002E6426 /* LeaderboardViewController.swift */; };
		849D903B1DEE373D008274C7 /* LaunchScreenViewController.swift in Sources */ = {isa = PBXBuildFile; fileRef = 849D903A1DEE373D008274C7 /* LaunchScreenViewController.swift */; };
		A74DAAC01DEF66E700620C99 /* CSwiftV.swift in Sources */ = {isa = PBXBuildFile; fileRef = A74DAABD1DEF66E700620C99 /* CSwiftV.swift */; };
		A74DAAC11DEF66E700620C99 /* LICENSE in Resources */ = {isa = PBXBuildFile; fileRef = A74DAABE1DEF66E700620C99 /* LICENSE */; };
		A74DAAC21DEF66E700620C99 /* README.md in Sources */ = {isa = PBXBuildFile; fileRef = A74DAABF1DEF66E700620C99 /* README.md */; };
		A74DAAC71DEF677D00620C99 /* MusicChartsLoader.swift in Sources */ = {isa = PBXBuildFile; fileRef = A74DAAC61DEF677D00620C99 /* MusicChartsLoader.swift */; };
		A7C823271DF0B8640038A3FC /* QuizData.swift in Sources */ = {isa = PBXBuildFile; fileRef = A7C823261DF0B8640038A3FC /* QuizData.swift */; };
		A7C823291DF0B9AB0038A3FC /* GamePlayViewController.swift in Sources */ = {isa = PBXBuildFile; fileRef = A7C823281DF0B9AB0038A3FC /* GamePlayViewController.swift */; };
/* End PBXBuildFile section */

/* Begin PBXFileReference section */
		842A67941DECB1130036DAB8 /* Music Cover Quiz.app */ = {isa = PBXFileReference; explicitFileType = wrapper.application; includeInIndex = 0; path = "Music Cover Quiz.app"; sourceTree = BUILT_PRODUCTS_DIR; };
		842A67971DECB1130036DAB8 /* AppDelegate.swift */ = {isa = PBXFileReference; lastKnownFileType = sourcecode.swift; path = AppDelegate.swift; sourceTree = "<group>"; };
		842A67991DECB1130036DAB8 /* ViewController.swift */ = {isa = PBXFileReference; lastKnownFileType = sourcecode.swift; path = ViewController.swift; sourceTree = "<group>"; };
		842A679C1DECB1130036DAB8 /* Base */ = {isa = PBXFileReference; lastKnownFileType = file.storyboard; name = Base; path = Base.lproj/Main.storyboard; sourceTree = "<group>"; };
		842A679E1DECB1130036DAB8 /* Assets.xcassets */ = {isa = PBXFileReference; lastKnownFileType = folder.assetcatalog; path = Assets.xcassets; sourceTree = "<group>"; };
		842A67A11DECB1130036DAB8 /* Base */ = {isa = PBXFileReference; lastKnownFileType = file.storyboard; name = Base; path = Base.lproj/LaunchScreen.storyboard; sourceTree = "<group>"; };
		842A67A31DECB1130036DAB8 /* Info.plist */ = {isa = PBXFileReference; lastKnownFileType = text.plist.xml; path = Info.plist; sourceTree = "<group>"; };
		845B170F1DF4C4F6002E6426 /* LeaderboardViewController.swift */ = {isa = PBXFileReference; fileEncoding = 4; lastKnownFileType = sourcecode.swift; path = LeaderboardViewController.swift; sourceTree = "<group>"; };
		849D903A1DEE373D008274C7 /* LaunchScreenViewController.swift */ = {isa = PBXFileReference; fileEncoding = 4; lastKnownFileType = sourcecode.swift; path = LaunchScreenViewController.swift; sourceTree = "<group>"; };
		A74DAABD1DEF66E700620C99 /* CSwiftV.swift */ = {isa = PBXFileReference; fileEncoding = 4; lastKnownFileType = sourcecode.swift; path = CSwiftV.swift; sourceTree = "<group>"; };
		A74DAABE1DEF66E700620C99 /* LICENSE */ = {isa = PBXFileReference; fileEncoding = 4; lastKnownFileType = text; path = LICENSE; sourceTree = "<group>"; };
		A74DAABF1DEF66E700620C99 /* README.md */ = {isa = PBXFileReference; fileEncoding = 4; lastKnownFileType = net.daringfireball.markdown; path = README.md; sourceTree = "<group>"; };
		A74DAAC61DEF677D00620C99 /* MusicChartsLoader.swift */ = {isa = PBXFileReference; fileEncoding = 4; lastKnownFileType = sourcecode.swift; path = MusicChartsLoader.swift; sourceTree = "<group>"; };
		A7C823261DF0B8640038A3FC /* QuizData.swift */ = {isa = PBXFileReference; fileEncoding = 4; lastKnownFileType = sourcecode.swift; path = QuizData.swift; sourceTree = "<group>"; };
		A7C823281DF0B9AB0038A3FC /* GamePlayViewController.swift */ = {isa = PBXFileReference; fileEncoding = 4; lastKnownFileType = sourcecode.swift; path = GamePlayViewController.swift; sourceTree = "<group>"; };
/* End PBXFileReference section */

/* Begin PBXFrameworksBuildPhase section */
		842A67911DECB1130036DAB8 /* Frameworks */ = {
			isa = PBXFrameworksBuildPhase;
			buildActionMask = 2147483647;
			files = (
			);
			runOnlyForDeploymentPostprocessing = 0;
		};
/* End PBXFrameworksBuildPhase section */

/* Begin PBXGroup section */
		842A678B1DECB1130036DAB8 = {
			isa = PBXGroup;
			children = (
				A74DAAC31DEF66F500620C99 /* CSwiftV */,
				842A67961DECB1130036DAB8 /* Music Cover Quiz */,
				842A67951DECB1130036DAB8 /* Products */,
			);
			sourceTree = "<group>";
		};
		842A67951DECB1130036DAB8 /* Products */ = {
			isa = PBXGroup;
			children = (
				842A67941DECB1130036DAB8 /* Music Cover Quiz.app */,
			);
			name = Products;
			sourceTree = "<group>";
		};
		842A67961DECB1130036DAB8 /* Music Cover Quiz */ = {
			isa = PBXGroup;
			children = (
				A74DAAC61DEF677D00620C99 /* MusicChartsLoader.swift */,
				842A67971DECB1130036DAB8 /* AppDelegate.swift */,
				842A67991DECB1130036DAB8 /* ViewController.swift */,
				842A679B1DECB1130036DAB8 /* Main.storyboard */,
				842A679E1DECB1130036DAB8 /* Assets.xcassets */,
				842A67A01DECB1130036DAB8 /* LaunchScreen.storyboard */,
				842A67A31DECB1130036DAB8 /* Info.plist */,
				849D903A1DEE373D008274C7 /* LaunchScreenViewController.swift */,
				A7C823261DF0B8640038A3FC /* QuizData.swift */,
				A7C823281DF0B9AB0038A3FC /* GamePlayViewController.swift */,
				845B170F1DF4C4F6002E6426 /* LeaderboardViewController.swift */,
			);
			path = "Music Cover Quiz";
			sourceTree = "<group>";
		};
		A74DAAC31DEF66F500620C99 /* CSwiftV */ = {
			isa = PBXGroup;
			children = (
				A74DAABD1DEF66E700620C99 /* CSwiftV.swift */,
				A74DAABE1DEF66E700620C99 /* LICENSE */,
				A74DAABF1DEF66E700620C99 /* README.md */,
			);
			name = CSwiftV;
			sourceTree = "<group>";
		};
/* End PBXGroup section */

/* Begin PBXNativeTarget section */
		842A67931DECB1130036DAB8 /* Music Cover Quiz */ = {
			isa = PBXNativeTarget;
			buildConfigurationList = 842A67A61DECB1130036DAB8 /* Build configuration list for PBXNativeTarget "Music Cover Quiz" */;
			buildPhases = (
				842A67901DECB1130036DAB8 /* Sources */,
				842A67911DECB1130036DAB8 /* Frameworks */,
				842A67921DECB1130036DAB8 /* Resources */,
			);
			buildRules = (
			);
			dependencies = (
			);
			name = "Music Cover Quiz";
			productName = "Music Cover Quiz";
			productReference = 842A67941DECB1130036DAB8 /* Music Cover Quiz.app */;
			productType = "com.apple.product-type.application";
		};
/* End PBXNativeTarget section */

/* Begin PBXProject section */
		842A678C1DECB1130036DAB8 /* Project object */ = {
			isa = PBXProject;
			attributes = {
				LastSwiftUpdateCheck = 0810;
				LastUpgradeCheck = 0810;
				ORGANIZATIONNAME = "Remo Stirnimann";
				TargetAttributes = {
					842A67931DECB1130036DAB8 = {
						CreatedOnToolsVersion = 8.1;
						ProvisioningStyle = Automatic;
					};
				};
			};
			buildConfigurationList = 842A678F1DECB1130036DAB8 /* Build configuration list for PBXProject "Music Cover Quiz" */;
			compatibilityVersion = "Xcode 3.2";
			developmentRegion = English;
			hasScannedForEncodings = 0;
			knownRegions = (
				en,
				Base,
			);
			mainGroup = 842A678B1DECB1130036DAB8;
			productRefGroup = 842A67951DECB1130036DAB8 /* Products */;
			projectDirPath = "";
			projectRoot = "";
			targets = (
				842A67931DECB1130036DAB8 /* Music Cover Quiz */,
			);
		};
/* End PBXProject section */

/* Begin PBXResourcesBuildPhase section */
		842A67921DECB1130036DAB8 /* Resources */ = {
			isa = PBXResourcesBuildPhase;
			buildActionMask = 2147483647;
			files = (
				842A67A21DECB1130036DAB8 /* LaunchScreen.storyboard in Resources */,
				842A679F1DECB1130036DAB8 /* Assets.xcassets in Resources */,
				A74DAAC11DEF66E700620C99 /* LICENSE in Resources */,
				842A679D1DECB1130036DAB8 /* Main.storyboard in Resources */,
			);
			runOnlyForDeploymentPostprocessing = 0;
		};
/* End PBXResourcesBuildPhase section */

/* Begin PBXSourcesBuildPhase section */
		842A67901DECB1130036DAB8 /* Sources */ = {
			isa = PBXSourcesBuildPhase;
			buildActionMask = 2147483647;
			files = (
				842A679A1DECB1130036DAB8 /* ViewController.swift in Sources */,
				849D903B1DEE373D008274C7 /* LaunchScreenViewController.swift in Sources */,
				A74DAAC21DEF66E700620C99 /* README.md in Sources */,
				A74DAAC01DEF66E700620C99 /* CSwiftV.swift in Sources */,
				845B17101DF4C4F6002E6426 /* LeaderboardViewController.swift in Sources */,
				842A67981DECB1130036DAB8 /* AppDelegate.swift in Sources */,
				A74DAAC71DEF677D00620C99 /* MusicChartsLoader.swift in Sources */,
				A7C823291DF0B9AB0038A3FC /* GamePlayViewController.swift in Sources */,
				A7C823271DF0B8640038A3FC /* QuizData.swift in Sources */,
			);
			runOnlyForDeploymentPostprocessing = 0;
		};
/* End PBXSourcesBuildPhase section */

/* Begin PBXVariantGroup section */
		842A679B1DECB1130036DAB8 /* Main.storyboard */ = {
			isa = PBXVariantGroup;
			children = (
				842A679C1DECB1130036DAB8 /* Base */,
			);
			name = Main.storyboard;
			sourceTree = "<group>";
		};
		842A67A01DECB1130036DAB8 /* LaunchScreen.storyboard */ = {
			isa = PBXVariantGroup;
			children = (
				842A67A11DECB1130036DAB8 /* Base */,
			);
			name = LaunchScreen.storyboard;
			sourceTree = "<group>";
		};
/* End PBXVariantGroup section */

/* Begin XCBuildConfiguration section */
		842A67A41DECB1130036DAB8 /* Debug */ = {
			isa = XCBuildConfiguration;
			buildSettings = {
				ALWAYS_SEARCH_USER_PATHS = NO;
				CLANG_ANALYZER_NONNULL = YES;
				CLANG_CXX_LANGUAGE_STANDARD = "gnu++0x";
				CLANG_CXX_LIBRARY = "libc++";
				CLANG_ENABLE_MODULES = YES;
				CLANG_ENABLE_OBJC_ARC = YES;
				CLANG_WARN_BOOL_CONVERSION = YES;
				CLANG_WARN_CONSTANT_CONVERSION = YES;
				CLANG_WARN_DIRECT_OBJC_ISA_USAGE = YES_ERROR;
				CLANG_WARN_DOCUMENTATION_COMMENTS = YES;
				CLANG_WARN_EMPTY_BODY = YES;
				CLANG_WARN_ENUM_CONVERSION = YES;
				CLANG_WARN_INFINITE_RECURSION = YES;
				CLANG_WARN_INT_CONVERSION = YES;
				CLANG_WARN_OBJC_ROOT_CLASS = YES_ERROR;
				CLANG_WARN_SUSPICIOUS_MOVES = YES;
				CLANG_WARN_UNREACHABLE_CODE = YES;
				CLANG_WARN__DUPLICATE_METHOD_MATCH = YES;
				"CODE_SIGN_IDENTITY[sdk=iphoneos*]" = "iPhone Developer";
				COPY_PHASE_STRIP = NO;
				DEBUG_INFORMATION_FORMAT = dwarf;
				ENABLE_STRICT_OBJC_MSGSEND = YES;
				ENABLE_TESTABILITY = YES;
				GCC_C_LANGUAGE_STANDARD = gnu99;
				GCC_DYNAMIC_NO_PIC = NO;
				GCC_NO_COMMON_BLOCKS = YES;
				GCC_OPTIMIZATION_LEVEL = 0;
				GCC_PREPROCESSOR_DEFINITIONS = (
					"DEBUG=1",
					"$(inherited)",
				);
				GCC_WARN_64_TO_32_BIT_CONVERSION = YES;
				GCC_WARN_ABOUT_RETURN_TYPE = YES_ERROR;
				GCC_WARN_UNDECLARED_SELECTOR = YES;
				GCC_WARN_UNINITIALIZED_AUTOS = YES_AGGRESSIVE;
				GCC_WARN_UNUSED_FUNCTION = YES;
				GCC_WARN_UNUSED_VARIABLE = YES;
				IPHONEOS_DEPLOYMENT_TARGET = 10.1;
				MTL_ENABLE_DEBUG_INFO = YES;
				ONLY_ACTIVE_ARCH = YES;
				SDKROOT = iphoneos;
				SWIFT_ACTIVE_COMPILATION_CONDITIONS = DEBUG;
				SWIFT_OPTIMIZATION_LEVEL = "-Onone";
			};
			name = Debug;
		};
		842A67A51DECB1130036DAB8 /* Release */ = {
			isa = XCBuildConfiguration;
			buildSettings = {
				ALWAYS_SEARCH_USER_PATHS = NO;
				CLANG_ANALYZER_NONNULL = YES;
				CLANG_CXX_LANGUAGE_STANDARD = "gnu++0x";
				CLANG_CXX_LIBRARY = "libc++";
				CLANG_ENABLE_MODULES = YES;
				CLANG_ENABLE_OBJC_ARC = YES;
				CLANG_WARN_BOOL_CONVERSION = YES;
				CLANG_WARN_CONSTANT_CONVERSION = YES;
				CLANG_WARN_DIRECT_OBJC_ISA_USAGE = YES_ERROR;
				CLANG_WARN_DOCUMENTATION_COMMENTS = YES;
				CLANG_WARN_EMPTY_BODY = YES;
				CLANG_WARN_ENUM_CONVERSION = YES;
				CLANG_WARN_INFINITE_RECURSION = YES;
				CLANG_WARN_INT_CONVERSION = YES;
				CLANG_WARN_OBJC_ROOT_CLASS = YES_ERROR;
				CLANG_WARN_SUSPICIOUS_MOVES = YES;
				CLANG_WARN_UNREACHABLE_CODE = YES;
				CLANG_WARN__DUPLICATE_METHOD_MATCH = YES;
				"CODE_SIGN_IDENTITY[sdk=iphoneos*]" = "iPhone Developer";
				COPY_PHASE_STRIP = NO;
				DEBUG_INFORMATION_FORMAT = "dwarf-with-dsym";
				ENABLE_NS_ASSERTIONS = NO;
				ENABLE_STRICT_OBJC_MSGSEND = YES;
				GCC_C_LANGUAGE_STANDARD = gnu99;
				GCC_NO_COMMON_BLOCKS = YES;
				GCC_WARN_64_TO_32_BIT_CONVERSION = YES;
				GCC_WARN_ABOUT_RETURN_TYPE = YES_ERROR;
				GCC_WARN_UNDECLARED_SELECTOR = YES;
				GCC_WARN_UNINITIALIZED_AUTOS = YES_AGGRESSIVE;
				GCC_WARN_UNUSED_FUNCTION = YES;
				GCC_WARN_UNUSED_VARIABLE = YES;
				IPHONEOS_DEPLOYMENT_TARGET = 10.1;
				MTL_ENABLE_DEBUG_INFO = NO;
				SDKROOT = iphoneos;
				SWIFT_OPTIMIZATION_LEVEL = "-Owholemodule";
				VALIDATE_PRODUCT = YES;
			};
			name = Release;
		};
		842A67A71DECB1130036DAB8 /* Debug */ = {
			isa = XCBuildConfiguration;
			buildSettings = {
				ASSETCATALOG_COMPILER_APPICON_NAME = AppIcon;
				INFOPLIST_FILE = "Music Cover Quiz/Info.plist";
				LD_RUNPATH_SEARCH_PATHS = "$(inherited) @executable_path/Frameworks";
				PRODUCT_BUNDLE_IDENTIFIER = "ch.hslu.ios.MusicCoverQuiz.Music-Cover-Quiz";
				PRODUCT_NAME = "$(TARGET_NAME)";
				SWIFT_VERSION = 3.0;
			};
			name = Debug;
		};
		842A67A81DECB1130036DAB8 /* Release */ = {
			isa = XCBuildConfiguration;
			buildSettings = {
				ASSETCATALOG_COMPILER_APPICON_NAME = AppIcon;
				INFOPLIST_FILE = "Music Cover Quiz/Info.plist";
				LD_RUNPATH_SEARCH_PATHS = "$(inherited) @executable_path/Frameworks";
				PRODUCT_BUNDLE_IDENTIFIER = "ch.hslu.ios.MusicCoverQuiz.Music-Cover-Quiz";
				PRODUCT_NAME = "$(TARGET_NAME)";
				SWIFT_VERSION = 3.0;
			};
			name = Release;
		};
/* End XCBuildConfiguration section */

/* Begin XCConfigurationList section */
		842A678F1DECB1130036DAB8 /* Build configuration list for PBXProject "Music Cover Quiz" */ = {
			isa = XCConfigurationList;
			buildConfigurations = (
				842A67A41DECB1130036DAB8 /* Debug */,
				842A67A51DECB1130036DAB8 /* Release */,
			);
			defaultConfigurationIsVisible = 0;
			defaultConfigurationName = Release;
		};
		842A67A61DECB1130036DAB8 /* Build configuration list for PBXNativeTarget "Music Cover Quiz" */ = {
			isa = XCConfigurationList;
			buildConfigurations = (
				842A67A71DECB1130036DAB8 /* Debug */,
				842A67A81DECB1130036DAB8 /* Release */,
			);
			defaultConfigurationIsVisible = 0;
			defaultConfigurationName = Release;
		};
/* End XCConfigurationList section */
	};
	rootObject = 842A678C1DECB1130036DAB8 /* Project object */;
}
